
Microsoft Visual Studio Solution File, Format Version 12.00
# Visual Studio Version 17
VisualStudioVersion = 17.7.34024.191
MinimumVisualStudioVersion = 10.0.40219.1
Project("{8BC9CEB8-8B4A-11D0-8D11-00A0C91BC942}") = "LB_13.2.2", "LB_13.2.2\LB_13.2.2.vcxproj", "{DF1346B2-14C3-4907-A57B-573CAE39E025}"
EndProject
Project("{8BC9CEB8-8B4A-11D0-8D11-00A0C91BC942}") = "UnitTest1", "UnitTest1\UnitTest1.vcxproj", "{3A813CAD-679D-4FAA-85D3-6A6E69F5B363}"
EndProject
Global
	GlobalSection(SolutionConfigurationPlatforms) = preSolution
		Debug|x64 = Debug|x64
		Debug|x86 = Debug|x86
		Release|x64 = Release|x64
		Release|x86 = Release|x86
	EndGlobalSection
	GlobalSection(ProjectConfigurationPlatforms) = postSolution
		{DF1346B2-14C3-4907-A57B-573CAE39E025}.Debug|x64.ActiveCfg = Debug|x64
		{DF1346B2-14C3-4907-A57B-573CAE39E025}.Debug|x64.Build.0 = Debug|x64
		{DF1346B2-14C3-4907-A57B-573CAE39E025}.Debug|x86.ActiveCfg = Debug|Win32
		{DF1346B2-14C3-4907-A57B-573CAE39E025}.Debug|x86.Build.0 = Debug|Win32
		{DF1346B2-14C3-4907-A57B-573CAE39E025}.Release|x64.ActiveCfg = Release|x64
		{DF1346B2-14C3-4907-A57B-573CAE39E025}.Release|x64.Build.0 = Release|x64
		{DF1346B2-14C3-4907-A57B-573CAE39E025}.Release|x86.ActiveCfg = Release|Win32
		{DF1346B2-14C3-4907-A57B-573CAE39E025}.Release|x86.Build.0 = Release|Win32
		{3A813CAD-679D-4FAA-85D3-6A6E69F5B363}.Debug|x64.ActiveCfg = Debug|x64
		{3A813CAD-679D-4FAA-85D3-6A6E69F5B363}.Debug|x64.Build.0 = Debug|x64
		{3A813CAD-679D-4FAA-85D3-6A6E69F5B363}.Debug|x86.ActiveCfg = Debug|Win32
		{3A813CAD-679D-4FAA-85D3-6A6E69F5B363}.Debug|x86.Build.0 = Debug|Win32
		{3A813CAD-679D-4FAA-85D3-6A6E69F5B363}.Release|x64.ActiveCfg = Release|x64
		{3A813CAD-679D-4FAA-85D3-6A6E69F5B363}.Release|x64.Build.0 = Release|x64
		{3A813CAD-679D-4FAA-85D3-6A6E69F5B363}.Release|x86.ActiveCfg = Release|Win32
		{3A813CAD-679D-4FAA-85D3-6A6E69F5B363}.Release|x86.Build.0 = Release|Win32
	EndGlobalSection
	GlobalSection(SolutionProperties) = preSolution
		HideSolutionNode = FALSE
	EndGlobalSection
	GlobalSection(ExtensibilityGlobals) = postSolution
		SolutionGuid = {D3B0C6F0-3421-40F5-A209-62FAEE231C40}
	EndGlobalSection
EndGlobal
